PODS:
  - AFNetworking (3.2.1):
    - AFNetworking/NSURLSession (= 3.2.1)
    - AFNetworking/Reachability (= 3.2.1)
    - AFNetworking/Security (= 3.2.1)
    - AFNetworking/Serialization (= 3.2.1)
    - AFNetworking/UIKit (= 3.2.1)
  - AFNetworking/NSURLSession (3.2.1):
    - AFNetworking/Reachability
    - AFNetworking/Security
    - AFNetworking/Serialization
  - AFNetworking/Reachability (3.2.1)
  - AFNetworking/Security (3.2.1)
  - AFNetworking/Serialization (3.2.1)
  - AFNetworking/UIKit (3.2.1):
    - AFNetworking/NSURLSession
  - BAButton (2.6.8)
  - BaiduMapKit (5.3.0)
  - BMKLocationKit (1.8.5)
  - CYLTabBarController (1.29.0):
    - CYLTabBarController/Core (= 1.29.0)
  - CYLTabBarController/Core (1.29.0)
  - JSONModel (1.0.2)
  - LSTCategory/LSTControlEvents (0.2.04281546)
  - LSTCategory/LSTGestureEvents (0.2.04281546)
  - "LSTCategory/NSString+LSTString (0.2.04281546)"
  - "LSTCategory/UIColor+LSTColor (0.2.04281546)"
  - "LSTCategory/UIView+LSTView (0.2.04281546)"
  - LSTPopView (0.1.05081545):
    - LSTCategory/LSTControlEvents
    - LSTCategory/LSTGestureEvents
    - "LSTCategory/NSString+LSTString"
    - "LSTCategory/UIColor+LSTColor"
    - "LSTCategory/UIView+LSTView"
    - LSTPopView/Code (= 0.1.05081545)
  - LSTPopView/Code (0.1.05081545):
    - LSTCategory/LSTControlEvents
    - LSTCategory/LSTGestureEvents
    - "LSTCategory/NSString+LSTString"
    - "LSTCategory/UIColor+LSTColor"
    - "LSTCategory/UIView+LSTView"
  - Masonry (0.6.4)
  - MBProgressHUD (0.9.2)
  - Reachability (3.2)
  - ReactiveCocoa (2.5):
    - ReactiveCocoa/UI (= 2.5)
  - ReactiveCocoa/Core (2.5):
    - ReactiveCocoa/no-arc
  - ReactiveCocoa/no-arc (2.5)
  - ReactiveCocoa/UI (2.5):
    - ReactiveCocoa/Core
  - SDWebImage (3.7.6):
    - SDWebImage/Core (= 3.7.6)
  - SDWebImage/Core (3.7.6)
  - "UITableView+FDTemplateLayoutCell (1.6)"
  - YTKNetwork (2.1.4):
    - AFNetworking/NSURLSession (~> 3.0)
  - YYKit (1.0.9):
    - YYKit/no-arc (= 1.0.9)
  - YYKit/no-arc (1.0.9)

DEPENDENCIES:
  - AFNetworking (~> 3.0)
  - BAButton
  - BaiduMapKit
  - BMKLocationKit
  - CYLTabBarController (~> 1.29.0)
  - JSONModel (~> 1.0.1)
  - LSTPopView
  - Masonry (~> 0.6.1)
  - MBProgressHUD (~> 0.9)
  - Reachability (~> 3.2)
  - ReactiveCocoa (~> 2.5)
  - SDWebImage (~> 3.7.5)
  - "UITableView+FDTemplateLayoutCell (~> 1.6)"
  - YTKNetwork
  - YYKit

SPEC REPOS:
  https://github.com/CocoaPods/Specs.git:
    - AFNetworking
    - BAButton
    - BaiduMapKit
    - BMKLocationKit
    - CYLTabBarController
    - JSONModel
    - LSTCategory
    - LSTPopView
    - Masonry
    - MBProgressHUD
    - Reachability
    - ReactiveCocoa
    - SDWebImage
    - "UITableView+FDTemplateLayoutCell"
    - YTKNetwork
    - YYKit

SPEC CHECKSUMS:
  AFNetworking: b6f891fdfaed196b46c7a83cf209e09697b94057
  BAButton: 3b5ee26b0ba48742e575d6c46d1d2f4ba4ebd843
  BaiduMapKit: 4f27a2d4bf52ba79ee51908d14bdcb1c7cbecb7e
  BMKLocationKit: fd3d6b4a9a3a1a2763819f56b780bda5fc5b8726
  CYLTabBarController: f5460b8446f82d016945d4d53895a1ef185b79e3
  JSONModel: 6ffcb4ffa3659c9e9a2e5d45d6c7705bab187c03
  LSTCategory: f70d240021080d1c4ab555b6129e74f5b0aa4ccb
  LSTPopView: a2b36c549bb5ef44d658e144c3e3ff348cb43cc6
  Masonry: 281802d04d787ea2973179ee8bcb50500579ede2
  MBProgressHUD: 1569cf7ace17a8bac47aabfbb8580a49690386d1
  Reachability: 33e18b67625424e47b6cde6d202dce689ad7af96
  ReactiveCocoa: e2db045570aa97c695e7aa97c2bcab222ae51f4a
  SDWebImage: c325cf02c30337336b95beff20a13df489ec0ec9
  "UITableView+FDTemplateLayoutCell": 5c949b4a5059c404b442926c0e80f81d10a2d66f
  YTKNetwork: 19be749c30f0512ada07180f4637b4b67bc8ddc2
  YYKit: 7cda43304a8dc3696c449041e2cb3107b4e236e7

PODFILE CHECKSUM: 8b39e8933cca56f47c2ddd8479e9c9805f4c4d45

COCOAPODS: 1.9.1
